# @generated by Move, please check-in and do not edit manually.

[move]
version = 3
manifest_digest = "0F67F820095B0A25001A0DC9EC65B086D1DD6765A0C3F43A15C14ADC839C4A1D"
deps_digest = "3C4103934B1E040BB6B23F1D610B4EF9F2F1166A50A104EADCF77467C004C600"
dependencies = [
  { id = "Sui", name = "Sui" },
  { id = "artinals", name = "artinals" },
]

[[move.package]]
id = "MoveStdlib"
source = { git = "https://github.com/MystenLabs/sui.git", rev = "framework/testnet", subdir = "crates/sui-framework/packages/move-stdlib" }

[[move.package]]
id = "Sui"
source = { git = "https://github.com/MystenLabs/sui.git", rev = "framework/testnet", subdir = "crates/sui-framework/packages/sui-framework" }

dependencies = [
  { id = "MoveStdlib", name = "MoveStdlib" },
]

[[move.package]]
id = "artinals"
source = { git = "https://github.com/artfilabs/artinalsprotocolv1.git", rev = "main", subdir = "." }

dependencies = [
  { id = "Sui", name = "Sui" },
]

[move.toolchain-version]
compiler-version = "1.39.1"
edition = "2024.beta"
flavor = "sui"

[env]

[env.testnet]
chain-id = "4c78adac"
original-published-id = "0xf395aa99b97e3640fe2abdce733a77218b1cc2a9e263896a8ade20b463cae87b"
latest-published-id = "0xf395aa99b97e3640fe2abdce733a77218b1cc2a9e263896a8ade20b463cae87b"
published-version = "1"

[env.mainnet]
chain-id = "35834a8a"
original-published-id = "0x4c81f32e70633a7e4c485892022ea9b403791fab5a1310411b60e2afb685b64f"
latest-published-id = "0x4c81f32e70633a7e4c485892022ea9b403791fab5a1310411b60e2afb685b64f"
published-version = "1"
